
Microsoft Visual Studio Solution File, Format Version 12.00
# Visual Studio Version 17
VisualStudioVersion = 17.9.34622.214
MinimumVisualStudioVersion = 10.0.40219.1
Project("{9092AA53-FB77-4645-B42D-1CCCA6BD08BD}") = "jwt-login-app", "jwt-login-app\jwt-login-app.njsproj", "{2B7F0126-7774-4273-B5A3-72E23DEBEF6E}"
EndProject
Global
	GlobalSection(SolutionConfigurationPlatforms) = preSolution
		Debug|Any CPU = Debug|Any CPU
		Release|Any CPU = Release|Any CPU
	EndGlobalSection
	GlobalSection(ProjectConfigurationPlatforms) = postSolution
		{2B7F0126-7774-4273-B5A3-72E23DEBEF6E}.Debug|Any CPU.ActiveCfg = Debug|Any CPU
		{2B7F0126-7774-4273-B5A3-72E23DEBEF6E}.Debug|Any CPU.Build.0 = Debug|Any CPU
		{2B7F0126-7774-4273-B5A3-72E23DEBEF6E}.Release|Any CPU.ActiveCfg = Release|Any CPU
		{2B7F0126-7774-4273-B5A3-72E23DEBEF6E}.Release|Any CPU.Build.0 = Release|Any CPU
	EndGlobalSection
	GlobalSection(SolutionProperties) = preSolution
		HideSolutionNode = FALSE
	EndGlobalSection
	GlobalSection(ExtensibilityGlobals) = postSolution
		SolutionGuid = {77DE88EB-82E7-41F8-B6FA-214E9BD4511B}
	EndGlobalSection
EndGlobal
